speakeasyVersion: 1.396.9
sources:
    petstore-oas:
        sourceNamespace: petstore-oas
        sourceRevisionDigest: sha256:3e2d7f1e1dee0ebda4c9f0f4a1800eb5471bc1ad80a26ec4b01ff1c07ee985b0
        sourceBlobDigest: sha256:a01af423e39e87c962b3ca056e5bcc809447d679f8638b05d94b85b7d4395917
        tags:
            - latest
            - main
targets:
    petstore:
        source: petstore-oas
        sourceNamespace: petstore-oas
        sourceRevisionDigest: sha256:3e2d7f1e1dee0ebda4c9f0f4a1800eb5471bc1ad80a26ec4b01ff1c07ee985b0
        sourceBlobDigest: sha256:a01af423e39e87c962b3ca056e5bcc809447d679f8638b05d94b85b7d4395917
workflow:
    workflowVersion: 1.0.0
    speakeasyVersion: latest
    sources:
        petstore-oas:
            inputs:
                - location: openapi.yaml
            registry:
                location: registry.speakeasyapi.dev/dwolla/dwolla/petstore-oas
    targets:
        petstore:
            target: typescript
            source: petstore-oas
            publish:
                npm:
                    token: $npm_token
