speakeasyVersion: 1.396.9
sources:
    petstore-oas:
        sourceNamespace: petstore-oas
        sourceRevisionDigest: sha256:6047e21de45fd2083e2ab0fbb5ed72c9d97b08932682c6ea9980295e58ed0758
        sourceBlobDigest: sha256:a01af423e39e87c962b3ca056e5bcc809447d679f8638b05d94b85b7d4395917
        tags:
            - latest
            - main
targets:
    petstore:
        source: petstore-oas
        sourceNamespace: petstore-oas
        sourceRevisionDigest: sha256:6047e21de45fd2083e2ab0fbb5ed72c9d97b08932682c6ea9980295e58ed0758
        sourceBlobDigest: sha256:a01af423e39e87c962b3ca056e5bcc809447d679f8638b05d94b85b7d4395917
workflow:
    workflowVersion: 1.0.0
    speakeasyVersion: latest
    sources:
        petstore-oas:
            inputs:
                - location: openapi.yaml
            registry:
                location: registry.speakeasyapi.dev/dwolla/dwolla/petstore-oas
    targets:
        petstore:
            target: typescript
            source: petstore-oas
            publish:
                npm:
                    token: $npm_token
